
Microsoft Visual Studio Solution File, Format Version 12.00
# Visual Studio Version 17
VisualStudioVersion = 17.8.34408.163
MinimumVisualStudioVersion = 10.0.40219.1
Project("{FAE04EC0-301F-11D3-BF4B-00C04F79EFBC}") = "AirHockeyTable", "AirHockeyTable\AirHockeyTable.csproj", "{3EABF1C3-DB11-42CF-B13E-DEE868164B3F}"
EndProject
Global
	GlobalSection(SolutionConfigurationPlatforms) = preSolution
		Debug|x64 = Debug|x64
	EndGlobalSection
	GlobalSection(ProjectConfigurationPlatforms) = postSolution
		{3EABF1C3-DB11-42CF-B13E-DEE868164B3F}.Debug|x64.ActiveCfg = Debug|x64
		{3EABF1C3-DB11-42CF-B13E-DEE868164B3F}.Debug|x64.Build.0 = Debug|x64
	EndGlobalSection
	GlobalSection(SolutionProperties) = preSolution
		HideSolutionNode = FALSE
	EndGlobalSection
	GlobalSection(ExtensibilityGlobals) = postSolution
		SolutionGuid = {542443FB-CE46-4046-91FE-BF586F4F4784}
	EndGlobalSection
EndGlobal
